// !$*UTF8*$!
{
	archiveVersion = 1;
	classes = {
	};
	objectVersion = 56;
	objects = {

/* Begin PBXBuildFile section */
		B434D8862ADC987700C98852 /* DetailView.swift in Sources */ = {isa = PBXBuildFile; fileRef = B434D8852ADC987700C98852 /* DetailView.swift */; };
		B434D8882ADC989700C98852 /* DetailViewController.swift in Sources */ = {isa = PBXBuildFile; fileRef = B434D8872ADC989700C98852 /* DetailViewController.swift */; };
		B434D88A2ADC98F100C98852 /* DetailViewModel.swift in Sources */ = {isa = PBXBuildFile; fileRef = B434D8892ADC98F100C98852 /* DetailViewModel.swift */; };
		B43589AF2ADA927F0077520D /* GalleryViewController.swift in Sources */ = {isa = PBXBuildFile; fileRef = B43589AE2ADA927F0077520D /* GalleryViewController.swift */; };
		B43589B12ADA92D00077520D /* GalleryCollectionViewCell.swift in Sources */ = {isa = PBXBuildFile; fileRef = B43589B02ADA92D00077520D /* GalleryCollectionViewCell.swift */; };
		B43589B32ADA92F00077520D /* GalleryViewModel.swift in Sources */ = {isa = PBXBuildFile; fileRef = B43589B22ADA92F00077520D /* GalleryViewModel.swift */; };
		B43589B92ADA93350077520D /* SearchTableViewCell.swift in Sources */ = {isa = PBXBuildFile; fileRef = B43589B82ADA93350077520D /* SearchTableViewCell.swift */; };
		B43589BB2ADA93540077520D /* SearchViewController.swift in Sources */ = {isa = PBXBuildFile; fileRef = B43589BA2ADA93540077520D /* SearchViewController.swift */; };
		B43589BD2ADA938E0077520D /* SearchViewModel.swift in Sources */ = {isa = PBXBuildFile; fileRef = B43589BC2ADA938E0077520D /* SearchViewModel.swift */; };
		B43589C32ADA93E60077520D /* ExploreView.swift in Sources */ = {isa = PBXBuildFile; fileRef = B43589C22ADA93E60077520D /* ExploreView.swift */; };
		B43589C52ADA94020077520D /* ExploreViewController.swift in Sources */ = {isa = PBXBuildFile; fileRef = B43589C42ADA94020077520D /* ExploreViewController.swift */; };
		B43589C72ADA943D0077520D /* ExploreViewModel.swift in Sources */ = {isa = PBXBuildFile; fileRef = B43589C62ADA943D0077520D /* ExploreViewModel.swift */; };
		B43589CA2ADA947B0077520D /* SettingsView.swift in Sources */ = {isa = PBXBuildFile; fileRef = B43589C92ADA947B0077520D /* SettingsView.swift */; };
		B43589CF2ADA94C00077520D /* SettingsViewController.swift in Sources */ = {isa = PBXBuildFile; fileRef = B43589CE2ADA94C00077520D /* SettingsViewController.swift */; };
		B43589D12ADA94F50077520D /* SettingsViewModel.swift in Sources */ = {isa = PBXBuildFile; fileRef = B43589D02ADA94F50077520D /* SettingsViewModel.swift */; };
		B43589D32ADA9FCE0077520D /* GalleryHeaderView.swift in Sources */ = {isa = PBXBuildFile; fileRef = B43589D22ADA9FCE0077520D /* GalleryHeaderView.swift */; };
		B46C4C6A2AD9A2380005FCB4 /* AppDelegate.swift in Sources */ = {isa = PBXBuildFile; fileRef = B46C4C692AD9A2380005FCB4 /* AppDelegate.swift */; };
		B46C4C6C2AD9A2380005FCB4 /* SceneDelegate.swift in Sources */ = {isa = PBXBuildFile; fileRef = B46C4C6B2AD9A2380005FCB4 /* SceneDelegate.swift */; };
		B46C4C742AD9A2380005FCB4 /* DragonBallApp.xcdatamodeld in Sources */ = {isa = PBXBuildFile; fileRef = B46C4C722AD9A2380005FCB4 /* DragonBallApp.xcdatamodeld */; };
		B46C4C762AD9A2390005FCB4 /* Assets.xcassets in Resources */ = {isa = PBXBuildFile; fileRef = B46C4C752AD9A2390005FCB4 /* Assets.xcassets */; };
		B46C4C792AD9A2390005FCB4 /* LaunchScreen.storyboard in Resources */ = {isa = PBXBuildFile; fileRef = B46C4C772AD9A2390005FCB4 /* LaunchScreen.storyboard */; };
		B46C4C842AD9A2390005FCB4 /* DragonBallAppTests.swift in Sources */ = {isa = PBXBuildFile; fileRef = B46C4C832AD9A2390005FCB4 /* DragonBallAppTests.swift */; };
		B46C4C8E2AD9A2390005FCB4 /* DragonBallAppUITests.swift in Sources */ = {isa = PBXBuildFile; fileRef = B46C4C8D2AD9A2390005FCB4 /* DragonBallAppUITests.swift */; };
		B46C4C902AD9A2390005FCB4 /* DragonBallAppUITestsLaunchTests.swift in Sources */ = {isa = PBXBuildFile; fileRef = B46C4C8F2AD9A2390005FCB4 /* DragonBallAppUITestsLaunchTests.swift */; };
		B46C4CA62AD9A8960005FCB4 /* MainTabBarViewController.swift in Sources */ = {isa = PBXBuildFile; fileRef = B46C4CA52AD9A8960005FCB4 /* MainTabBarViewController.swift */; };
		B46C4CA82AD9AAB20005FCB4 /* SplashViewController.swift in Sources */ = {isa = PBXBuildFile; fileRef = B46C4CA72AD9AAB20005FCB4 /* SplashViewController.swift */; };
		B46C4CAA2AD9AB070005FCB4 /* SplashView.swift in Sources */ = {isa = PBXBuildFile; fileRef = B46C4CA92AD9AB070005FCB4 /* SplashView.swift */; };
		B46C4CAC2AD9AB7B0005FCB4 /* SplashViewModel.swift in Sources */ = {isa = PBXBuildFile; fileRef = B46C4CAB2AD9AB7B0005FCB4 /* SplashViewModel.swift */; };
		B46C4CB12AD9B20C0005FCB4 /* Lottie in Frameworks */ = {isa = PBXBuildFile; productRef = B46C4CB02AD9B20C0005FCB4 /* Lottie */; };
		B46C4CB32AD9BD8C0005FCB4 /* dragonBallSplashAnimation.json in Resources */ = {isa = PBXBuildFile; fileRef = B46C4CB22AD9BD8C0005FCB4 /* dragonBallSplashAnimation.json */; };
		B46C4CB52AD9BE5C0005FCB4 /* APIClient.swift in Sources */ = {isa = PBXBuildFile; fileRef = B46C4CB42AD9BE5C0005FCB4 /* APIClient.swift */; };
		B46C4CB72AD9C4E80005FCB4 /* Hero.swift in Sources */ = {isa = PBXBuildFile; fileRef = B46C4CB62AD9C4E80005FCB4 /* Hero.swift */; };
		B49485762AE5A141003597FB /* DataPersistanceManager.swift in Sources */ = {isa = PBXBuildFile; fileRef = B49485752AE5A141003597FB /* DataPersistanceManager.swift */; };
		B49485792AE5B82A003597FB /* Kingfisher in Frameworks */ = {isa = PBXBuildFile; productRef = B49485782AE5B82A003597FB /* Kingfisher */; };
		B494857C2AE5C58A003597FB /* HeroMapper.swift in Sources */ = {isa = PBXBuildFile; fileRef = B494857B2AE5C58A003597FB /* HeroMapper.swift */; };
		B498FE8D2AE96B5200CB7A80 /* Location.swift in Sources */ = {isa = PBXBuildFile; fileRef = B498FE8C2AE96B5200CB7A80 /* Location.swift */; };
		B49F24082AE4152000DFC337 /* TestCollectionViewCell.swift in Sources */ = {isa = PBXBuildFile; fileRef = B49F24072AE4152000DFC337 /* TestCollectionViewCell.swift */; };
		B49F240A2AE4159900DFC337 /* TestViewController.swift in Sources */ = {isa = PBXBuildFile; fileRef = B49F24092AE4159900DFC337 /* TestViewController.swift */; };
		B49F24102AE44D9C00DFC337 /* CoreDataStack.swift in Sources */ = {isa = PBXBuildFile; fileRef = B49F240F2AE44D9C00DFC337 /* CoreDataStack.swift */; };
		B49F24122AE44E5500DFC337 /* SecureDataProvider.swift in Sources */ = {isa = PBXBuildFile; fileRef = B49F24112AE44E5500DFC337 /* SecureDataProvider.swift */; };
		B49F24152AE44E7900DFC337 /* KeychainSwift in Frameworks */ = {isa = PBXBuildFile; productRef = B49F24142AE44E7900DFC337 /* KeychainSwift */; };
		B4C8B0C92ADBFA08004B047C /* SearchHeroViewController.swift in Sources */ = {isa = PBXBuildFile; fileRef = B4C8B0C82ADBFA08004B047C /* SearchHeroViewController.swift */; };
		B4D5159B2AE7E729003AAC3B /* SearchHeroViewModel.swift in Sources */ = {isa = PBXBuildFile; fileRef = B4D5159A2AE7E729003AAC3B /* SearchHeroViewModel.swift */; };
		B4D5159D2AE7ED81003AAC3B /* SearchAlgorithm.swift in Sources */ = {isa = PBXBuildFile; fileRef = B4D5159C2AE7ED81003AAC3B /* SearchAlgorithm.swift */; };
		B4EE1C7E2AE5122300A9295B /* LoginView.swift in Sources */ = {isa = PBXBuildFile; fileRef = B4EE1C7D2AE5122300A9295B /* LoginView.swift */; };
		B4EE1C802AE5126C00A9295B /* LoginViewController.swift in Sources */ = {isa = PBXBuildFile; fileRef = B4EE1C7F2AE5126C00A9295B /* LoginViewController.swift */; };
		B4EE1C822AE512E700A9295B /* LoginViewModel.swift in Sources */ = {isa = PBXBuildFile; fileRef = B4EE1C812AE512E700A9295B /* LoginViewModel.swift */; };
/* End PBXBuildFile section */

/* Begin PBXContainerItemProxy section */
		B46C4C802AD9A2390005FCB4 /* PBXContainerItemProxy */ = {
			isa = PBXContainerItemProxy;
			containerPortal = B46C4C5E2AD9A2380005FCB4 /* Project object */;
			proxyType = 1;
			remoteGlobalIDString = B46C4C652AD9A2380005FCB4;
			remoteInfo = DragonBallApp;
		};
		B46C4C8A2AD9A2390005FCB4 /* PBXContainerItemProxy */ = {
			isa = PBXContainerItemProxy;
			containerPortal = B46C4C5E2AD9A2380005FCB4 /* Project object */;
			proxyType = 1;
			remoteGlobalIDString = B46C4C652AD9A2380005FCB4;
			remoteInfo = DragonBallApp;
		};
/* End PBXContainerItemProxy section */

/* Begin PBXFileReference section */
		B434D8852ADC987700C98852 /* DetailView.swift */ = {isa = PBXFileReference; lastKnownFileType = sourcecode.swift; path = DetailView.swift; sourceTree = "<group>"; };
		B434D8872ADC989700C98852 /* DetailViewController.swift */ = {isa = PBXFileReference; lastKnownFileType = sourcecode.swift; path = DetailViewController.swift; sourceTree = "<group>"; };
		B434D8892ADC98F100C98852 /* DetailViewModel.swift */ = {isa = PBXFileReference; lastKnownFileType = sourcecode.swift; path = DetailViewModel.swift; sourceTree = "<group>"; };
		B43589AE2ADA927F0077520D /* GalleryViewController.swift */ = {isa = PBXFileReference; lastKnownFileType = sourcecode.swift; path = GalleryViewController.swift; sourceTree = "<group>"; };
		B43589B02ADA92D00077520D /* GalleryCollectionViewCell.swift */ = {isa = PBXFileReference; lastKnownFileType = sourcecode.swift; path = GalleryCollectionViewCell.swift; sourceTree = "<group>"; };
		B43589B22ADA92F00077520D /* GalleryViewModel.swift */ = {isa = PBXFileReference; lastKnownFileType = sourcecode.swift; path = GalleryViewModel.swift; sourceTree = "<group>"; };
		B43589B82ADA93350077520D /* SearchTableViewCell.swift */ = {isa = PBXFileReference; lastKnownFileType = sourcecode.swift; path = SearchTableViewCell.swift; sourceTree = "<group>"; };
		B43589BA2ADA93540077520D /* SearchViewController.swift */ = {isa = PBXFileReference; lastKnownFileType = sourcecode.swift; path = SearchViewController.swift; sourceTree = "<group>"; };
		B43589BC2ADA938E0077520D /* SearchViewModel.swift */ = {isa = PBXFileReference; lastKnownFileType = sourcecode.swift; path = SearchViewModel.swift; sourceTree = "<group>"; };
		B43589C22ADA93E60077520D /* ExploreView.swift */ = {isa = PBXFileReference; lastKnownFileType = sourcecode.swift; path = ExploreView.swift; sourceTree = "<group>"; };
		B43589C42ADA94020077520D /* ExploreViewController.swift */ = {isa = PBXFileReference; lastKnownFileType = sourcecode.swift; path = ExploreViewController.swift; sourceTree = "<group>"; };
		B43589C62ADA943D0077520D /* ExploreViewModel.swift */ = {isa = PBXFileReference; lastKnownFileType = sourcecode.swift; path = ExploreViewModel.swift; sourceTree = "<group>"; };
		B43589C92ADA947B0077520D /* SettingsView.swift */ = {isa = PBXFileReference; lastKnownFileType = sourcecode.swift; path = SettingsView.swift; sourceTree = "<group>"; };
		B43589CE2ADA94C00077520D /* SettingsViewController.swift */ = {isa = PBXFileReference; lastKnownFileType = sourcecode.swift; path = SettingsViewController.swift; sourceTree = "<group>"; };
		B43589D02ADA94F50077520D /* SettingsViewModel.swift */ = {isa = PBXFileReference; lastKnownFileType = sourcecode.swift; path = SettingsViewModel.swift; sourceTree = "<group>"; };
		B43589D22ADA9FCE0077520D /* GalleryHeaderView.swift */ = {isa = PBXFileReference; lastKnownFileType = sourcecode.swift; path = GalleryHeaderView.swift; sourceTree = "<group>"; };
		B46C4C662AD9A2380005FCB4 /* DragonBallApp.app */ = {isa = PBXFileReference; explicitFileType = wrapper.application; includeInIndex = 0; path = DragonBallApp.app; sourceTree = BUILT_PRODUCTS_DIR; };
		B46C4C692AD9A2380005FCB4 /* AppDelegate.swift */ = {isa = PBXFileReference; lastKnownFileType = sourcecode.swift; path = AppDelegate.swift; sourceTree = "<group>"; };
		B46C4C6B2AD9A2380005FCB4 /* SceneDelegate.swift */ = {isa = PBXFileReference; lastKnownFileType = sourcecode.swift; path = SceneDelegate.swift; sourceTree = "<group>"; };
		B46C4C732AD9A2380005FCB4 /* DragonBallApp.xcdatamodel */ = {isa = PBXFileReference; lastKnownFileType = wrapper.xcdatamodel; path = DragonBallApp.xcdatamodel; sourceTree = "<group>"; };
		B46C4C752AD9A2390005FCB4 /* Assets.xcassets */ = {isa = PBXFileReference; lastKnownFileType = folder.assetcatalog; path = Assets.xcassets; sourceTree = "<group>"; };
		B46C4C782AD9A2390005FCB4 /* Base */ = {isa = PBXFileReference; lastKnownFileType = file.storyboard; name = Base; path = Base.lproj/LaunchScreen.storyboard; sourceTree = "<group>"; };
		B46C4C7A2AD9A2390005FCB4 /* Info.plist */ = {isa = PBXFileReference; lastKnownFileType = text.plist.xml; path = Info.plist; sourceTree = "<group>"; };
		B46C4C7F2AD9A2390005FCB4 /* DragonBallAppTests.xctest */ = {isa = PBXFileReference; explicitFileType = wrapper.cfbundle; includeInIndex = 0; path = DragonBallAppTests.xctest; sourceTree = BUILT_PRODUCTS_DIR; };
		B46C4C832AD9A2390005FCB4 /* DragonBallAppTests.swift */ = {isa = PBXFileReference; lastKnownFileType = sourcecode.swift; path = DragonBallAppTests.swift; sourceTree = "<group>"; };
		B46C4C892AD9A2390005FCB4 /* DragonBallAppUITests.xctest */ = {isa = PBXFileReference; explicitFileType = wrapper.cfbundle; includeInIndex = 0; path = DragonBallAppUITests.xctest; sourceTree = BUILT_PRODUCTS_DIR; };
		B46C4C8D2AD9A2390005FCB4 /* DragonBallAppUITests.swift */ = {isa = PBXFileReference; lastKnownFileType = sourcecode.swift; path = DragonBallAppUITests.swift; sourceTree = "<group>"; };
		B46C4C8F2AD9A2390005FCB4 /* DragonBallAppUITestsLaunchTests.swift */ = {isa = PBXFileReference; lastKnownFileType = sourcecode.swift; path = DragonBallAppUITestsLaunchTests.swift; sourceTree = "<group>"; };
		B46C4CA52AD9A8960005FCB4 /* MainTabBarViewController.swift */ = {isa = PBXFileReference; lastKnownFileType = sourcecode.swift; path = MainTabBarViewController.swift; sourceTree = "<group>"; };
		B46C4CA72AD9AAB20005FCB4 /* SplashViewController.swift */ = {isa = PBXFileReference; lastKnownFileType = sourcecode.swift; path = SplashViewController.swift; sourceTree = "<group>"; };
		B46C4CA92AD9AB070005FCB4 /* SplashView.swift */ = {isa = PBXFileReference; lastKnownFileType = sourcecode.swift; path = SplashView.swift; sourceTree = "<group>"; };
		B46C4CAB2AD9AB7B0005FCB4 /* SplashViewModel.swift */ = {isa = PBXFileReference; lastKnownFileType = sourcecode.swift; path = SplashViewModel.swift; sourceTree = "<group>"; };
		B46C4CB22AD9BD8C0005FCB4 /* dragonBallSplashAnimation.json */ = {isa = PBXFileReference; fileEncoding = 4; lastKnownFileType = text.json; path = dragonBallSplashAnimation.json; sourceTree = "<group>"; };
		B46C4CB42AD9BE5C0005FCB4 /* APIClient.swift */ = {isa = PBXFileReference; lastKnownFileType = sourcecode.swift; path = APIClient.swift; sourceTree = "<group>"; };
		B46C4CB62AD9C4E80005FCB4 /* Hero.swift */ = {isa = PBXFileReference; lastKnownFileType = sourcecode.swift; path = Hero.swift; sourceTree = "<group>"; };
		B49485752AE5A141003597FB /* DataPersistanceManager.swift */ = {isa = PBXFileReference; lastKnownFileType = sourcecode.swift; path = DataPersistanceManager.swift; sourceTree = "<group>"; };
		B494857B2AE5C58A003597FB /* HeroMapper.swift */ = {isa = PBXFileReference; lastKnownFileType = sourcecode.swift; path = HeroMapper.swift; sourceTree = "<group>"; };
		B498FE8C2AE96B5200CB7A80 /* Location.swift */ = {isa = PBXFileReference; lastKnownFileType = sourcecode.swift; path = Location.swift; sourceTree = "<group>"; };
		B49F24072AE4152000DFC337 /* TestCollectionViewCell.swift */ = {isa = PBXFileReference; lastKnownFileType = sourcecode.swift; path = TestCollectionViewCell.swift; sourceTree = "<group>"; };
		B49F24092AE4159900DFC337 /* TestViewController.swift */ = {isa = PBXFileReference; lastKnownFileType = sourcecode.swift; path = TestViewController.swift; sourceTree = "<group>"; };
		B49F240F2AE44D9C00DFC337 /* CoreDataStack.swift */ = {isa = PBXFileReference; lastKnownFileType = sourcecode.swift; path = CoreDataStack.swift; sourceTree = "<group>"; };
		B49F24112AE44E5500DFC337 /* SecureDataProvider.swift */ = {isa = PBXFileReference; lastKnownFileType = sourcecode.swift; path = SecureDataProvider.swift; sourceTree = "<group>"; };
		B4C8B0C82ADBFA08004B047C /* SearchHeroViewController.swift */ = {isa = PBXFileReference; lastKnownFileType = sourcecode.swift; path = SearchHeroViewController.swift; sourceTree = "<group>"; };
		B4D5159A2AE7E729003AAC3B /* SearchHeroViewModel.swift */ = {isa = PBXFileReference; lastKnownFileType = sourcecode.swift; path = SearchHeroViewModel.swift; sourceTree = "<group>"; };
		B4D5159C2AE7ED81003AAC3B /* SearchAlgorithm.swift */ = {isa = PBXFileReference; lastKnownFileType = sourcecode.swift; path = SearchAlgorithm.swift; sourceTree = "<group>"; };
		B4EE1C7D2AE5122300A9295B /* LoginView.swift */ = {isa = PBXFileReference; lastKnownFileType = sourcecode.swift; path = LoginView.swift; sourceTree = "<group>"; };
		B4EE1C7F2AE5126C00A9295B /* LoginViewController.swift */ = {isa = PBXFileReference; lastKnownFileType = sourcecode.swift; path = LoginViewController.swift; sourceTree = "<group>"; };
		B4EE1C812AE512E700A9295B /* LoginViewModel.swift */ = {isa = PBXFileReference; lastKnownFileType = sourcecode.swift; path = LoginViewModel.swift; sourceTree = "<group>"; };
/* End PBXFileReference section */

/* Begin PBXFrameworksBuildPhase section */
		B46C4C632AD9A2380005FCB4 /* Frameworks */ = {
			isa = PBXFrameworksBuildPhase;
			buildActionMask = 2147483647;
			files = (
				B49485792AE5B82A003597FB /* Kingfisher in Frameworks */,
				B49F24152AE44E7900DFC337 /* KeychainSwift in Frameworks */,
				B46C4CB12AD9B20C0005FCB4 /* Lottie in Frameworks */,
			);
			runOnlyForDeploymentPostprocessing = 0;
		};
		B46C4C7C2AD9A2390005FCB4 /* Frameworks */ = {
			isa = PBXFrameworksBuildPhase;
			buildActionMask = 2147483647;
			files = (
			);
			runOnlyForDeploymentPostprocessing = 0;
		};
		B46C4C862AD9A2390005FCB4 /* Frameworks */ = {
			isa = PBXFrameworksBuildPhase;
			buildActionMask = 2147483647;
			files = (
			);
			runOnlyForDeploymentPostprocessing = 0;
		};
/* End PBXFrameworksBuildPhase section */

/* Begin PBXGroup section */
		B434D8802ADC982F00C98852 /* Detail */ = {
			isa = PBXGroup;
			children = (
				B434D8822ADC985600C98852 /* View */,
				B434D8832ADC985D00C98852 /* ViewController */,
				B434D8842ADC986400C98852 /* ViewModel */,
			);
			path = Detail;
			sourceTree = "<group>";
		};
		B434D8822ADC985600C98852 /* View */ = {
			isa = PBXGroup;
			children = (
				B434D8852ADC987700C98852 /* DetailView.swift */,
			);
			path = View;
			sourceTree = "<group>";
		};
		B434D8832ADC985D00C98852 /* ViewController */ = {
			isa = PBXGroup;
			children = (
				B434D8872ADC989700C98852 /* DetailViewController.swift */,
			);
			path = ViewController;
			sourceTree = "<group>";
		};
		B434D8842ADC986400C98852 /* ViewModel */ = {
			isa = PBXGroup;
			children = (
				B434D8892ADC98F100C98852 /* DetailViewModel.swift */,
			);
			path = ViewModel;
			sourceTree = "<group>";
		};
		B43589AA2ADA92470077520D /* Gallery */ = {
			isa = PBXGroup;
			children = (
				B43589AB2ADA92590077520D /* View */,
				B43589AC2ADA925F0077520D /* Controller */,
				B43589AD2ADA92650077520D /* ViewModel */,
			);
			path = Gallery;
			sourceTree = "<group>";
		};
		B43589AB2ADA92590077520D /* View */ = {
			isa = PBXGroup;
			children = (
				B43589B02ADA92D00077520D /* GalleryCollectionViewCell.swift */,
				B43589D22ADA9FCE0077520D /* GalleryHeaderView.swift */,
			);
			path = View;
			sourceTree = "<group>";
		};
		B43589AC2ADA925F0077520D /* Controller */ = {
			isa = PBXGroup;
			children = (
				B43589AE2ADA927F0077520D /* GalleryViewController.swift */,
			);
			path = Controller;
			sourceTree = "<group>";
		};
		B43589AD2ADA92650077520D /* ViewModel */ = {
			isa = PBXGroup;
			children = (
				B43589B22ADA92F00077520D /* GalleryViewModel.swift */,
			);
			path = ViewModel;
			sourceTree = "<group>";
		};
		B43589B42ADA930A0077520D /* Search */ = {
			isa = PBXGroup;
			children = (
				B43589B52ADA93170077520D /* View */,
				B43589B62ADA931C0077520D /* Controller */,
				B43589B72ADA93220077520D /* ViewModel */,
			);
			path = Search;
			sourceTree = "<group>";
		};
		B43589B52ADA93170077520D /* View */ = {
			isa = PBXGroup;
			children = (
				B43589B82ADA93350077520D /* SearchTableViewCell.swift */,
			);
			path = View;
			sourceTree = "<group>";
		};
		B43589B62ADA931C0077520D /* Controller */ = {
			isa = PBXGroup;
			children = (
				B43589BA2ADA93540077520D /* SearchViewController.swift */,
				B4C8B0C82ADBFA08004B047C /* SearchHeroViewController.swift */,
				B4D5159C2AE7ED81003AAC3B /* SearchAlgorithm.swift */,
			);
			path = Controller;
			sourceTree = "<group>";
		};
		B43589B72ADA93220077520D /* ViewModel */ = {
			isa = PBXGroup;
			children = (
				B43589BC2ADA938E0077520D /* SearchViewModel.swift */,
				B4D5159A2AE7E729003AAC3B /* SearchHeroViewModel.swift */,
			);
			path = ViewModel;
			sourceTree = "<group>";
		};
		B43589BE2ADA93B30077520D /* Explore */ = {
			isa = PBXGroup;
			children = (
				B43589BF2ADA93C30077520D /* View */,
				B43589C02ADA93C80077520D /* Controller */,
				B43589C12ADA93CF0077520D /* ViewModel */,
			);
			path = Explore;
			sourceTree = "<group>";
		};
		B43589BF2ADA93C30077520D /* View */ = {
			isa = PBXGroup;
			children = (
				B43589C22ADA93E60077520D /* ExploreView.swift */,
			);
			path = View;
			sourceTree = "<group>";
		};
		B43589C02ADA93C80077520D /* Controller */ = {
			isa = PBXGroup;
			children = (
				B43589C42ADA94020077520D /* ExploreViewController.swift */,
			);
			path = Controller;
			sourceTree = "<group>";
		};
		B43589C12ADA93CF0077520D /* ViewModel */ = {
			isa = PBXGroup;
			children = (
				B43589C62ADA943D0077520D /* ExploreViewModel.swift */,
			);
			path = ViewModel;
			sourceTree = "<group>";
		};
		B43589C82ADA94680077520D /* Settings */ = {
			isa = PBXGroup;
			children = (
				B43589CB2ADA94800077520D /* View */,
				B43589CC2ADA94990077520D /* Controller */,
				B43589CD2ADA949F0077520D /* ViewModel */,
			);
			path = Settings;
			sourceTree = "<group>";
		};
		B43589CB2ADA94800077520D /* View */ = {
			isa = PBXGroup;
			children = (
				B43589C92ADA947B0077520D /* SettingsView.swift */,
			);
			path = View;
			sourceTree = "<group>";
		};
		B43589CC2ADA94990077520D /* Controller */ = {
			isa = PBXGroup;
			children = (
				B43589CE2ADA94C00077520D /* SettingsViewController.swift */,
			);
			path = Controller;
			sourceTree = "<group>";
		};
		B43589CD2ADA949F0077520D /* ViewModel */ = {
			isa = PBXGroup;
			children = (
				B43589D02ADA94F50077520D /* SettingsViewModel.swift */,
			);
			path = ViewModel;
			sourceTree = "<group>";
		};
		B46C4C5D2AD9A2380005FCB4 = {
			isa = PBXGroup;
			children = (
				B46C4C682AD9A2380005FCB4 /* DragonBallApp */,
				B46C4C822AD9A2390005FCB4 /* DragonBallAppTests */,
				B46C4C8C2AD9A2390005FCB4 /* DragonBallAppUITests */,
				B46C4C672AD9A2380005FCB4 /* Products */,
			);
			sourceTree = "<group>";
		};
		B46C4C672AD9A2380005FCB4 /* Products */ = {
			isa = PBXGroup;
			children = (
				B46C4C662AD9A2380005FCB4 /* DragonBallApp.app */,
				B46C4C7F2AD9A2390005FCB4 /* DragonBallAppTests.xctest */,
				B46C4C892AD9A2390005FCB4 /* DragonBallAppUITests.xctest */,
			);
			name = Products;
			sourceTree = "<group>";
		};
		B46C4C682AD9A2380005FCB4 /* DragonBallApp */ = {
			isa = PBXGroup;
			children = (
				B46C4C7A2AD9A2390005FCB4 /* Info.plist */,
				B46C4C9C2AD9A2E50005FCB4 /* App */,
				B46C4C9D2AD9A30D0005FCB4 /* Resources */,
				B46C4C9E2AD9A62B0005FCB4 /* Data */,
				B46C4CA02AD9A6C30005FCB4 /* Presentation */,
				B46C4CA52AD9A8960005FCB4 /* MainTabBarViewController.swift */,
			);
			path = DragonBallApp;
			sourceTree = "<group>";
		};
		B46C4C822AD9A2390005FCB4 /* DragonBallAppTests */ = {
			isa = PBXGroup;
			children = (
				B46C4C832AD9A2390005FCB4 /* DragonBallAppTests.swift */,
			);
			path = DragonBallAppTests;
			sourceTree = "<group>";
		};
		B46C4C8C2AD9A2390005FCB4 /* DragonBallAppUITests */ = {
			isa = PBXGroup;
			children = (
				B46C4C8D2AD9A2390005FCB4 /* DragonBallAppUITests.swift */,
				B46C4C8F2AD9A2390005FCB4 /* DragonBallAppUITestsLaunchTests.swift */,
			);
			path = DragonBallAppUITests;
			sourceTree = "<group>";
		};
		B46C4C9C2AD9A2E50005FCB4 /* App */ = {
			isa = PBXGroup;
			children = (
				B46C4C692AD9A2380005FCB4 /* AppDelegate.swift */,
				B46C4C6B2AD9A2380005FCB4 /* SceneDelegate.swift */,
			);
			path = App;
			sourceTree = "<group>";
		};
		B46C4C9D2AD9A30D0005FCB4 /* Resources */ = {
			isa = PBXGroup;
			children = (
				B46C4C752AD9A2390005FCB4 /* Assets.xcassets */,
				B46C4CB22AD9BD8C0005FCB4 /* dragonBallSplashAnimation.json */,
			);
			path = Resources;
			sourceTree = "<group>";
		};
		B46C4C9E2AD9A62B0005FCB4 /* Data */ = {
			isa = PBXGroup;
			children = (
				B49F240B2AE44D4C00DFC337 /* API */,
				B49F240C2AE44D5800DFC337 /* Local */,
			);
			path = Data;
			sourceTree = "<group>";
		};
		B46C4CA02AD9A6C30005FCB4 /* Presentation */ = {
			isa = PBXGroup;
			children = (
				B49F24042AE414DC00DFC337 /* Test */,
				B46C4CA12AD9A6FC0005FCB4 /* Splash */,
				B4EE1C792AE5120100A9295B /* Login */,
				B434D8802ADC982F00C98852 /* Detail */,
				B43589AA2ADA92470077520D /* Gallery */,
				B43589B42ADA930A0077520D /* Search */,
				B43589BE2ADA93B30077520D /* Explore */,
				B43589C82ADA94680077520D /* Settings */,
			);
			path = Presentation;
			sourceTree = "<group>";
		};
		B46C4CA12AD9A6FC0005FCB4 /* Splash */ = {
			isa = PBXGroup;
			children = (
				B46C4CA22AD9A70D0005FCB4 /* View */,
				B46C4CA32AD9A7130005FCB4 /* Controller */,
				B46C4CA42AD9A71F0005FCB4 /* ViewModel */,
			);
			path = Splash;
			sourceTree = "<group>";
		};
		B46C4CA22AD9A70D0005FCB4 /* View */ = {
			isa = PBXGroup;
			children = (
				B46C4C772AD9A2390005FCB4 /* LaunchScreen.storyboard */,
				B46C4CA92AD9AB070005FCB4 /* SplashView.swift */,
			);
			path = View;
			sourceTree = "<group>";
		};
		B46C4CA32AD9A7130005FCB4 /* Controller */ = {
			isa = PBXGroup;
			children = (
				B46C4CA72AD9AAB20005FCB4 /* SplashViewController.swift */,
			);
			path = Controller;
			sourceTree = "<group>";
		};
		B46C4CA42AD9A71F0005FCB4 /* ViewModel */ = {
			isa = PBXGroup;
			children = (
				B46C4CAB2AD9AB7B0005FCB4 /* SplashViewModel.swift */,
			);
			path = ViewModel;
			sourceTree = "<group>";
		};
		B494857A2AE5C56B003597FB /* Mapper */ = {
			isa = PBXGroup;
			children = (
				B494857B2AE5C58A003597FB /* HeroMapper.swift */,
			);
			path = Mapper;
			sourceTree = "<group>";
		};
		B49F24042AE414DC00DFC337 /* Test */ = {
			isa = PBXGroup;
			children = (
				B49F24052AE414E200DFC337 /* TestView */,
				B49F24062AE414E800DFC337 /* TestController */,
			);
			path = Test;
			sourceTree = "<group>";
		};
		B49F24052AE414E200DFC337 /* TestView */ = {
			isa = PBXGroup;
			children = (
				B49F24072AE4152000DFC337 /* TestCollectionViewCell.swift */,
			);
			path = TestView;
			sourceTree = "<group>";
		};
		B49F24062AE414E800DFC337 /* TestController */ = {
			isa = PBXGroup;
			children = (
				B49F24092AE4159900DFC337 /* TestViewController.swift */,
			);
			path = TestController;
			sourceTree = "<group>";
		};
		B49F240B2AE44D4C00DFC337 /* API */ = {
			isa = PBXGroup;
			children = (
				B46C4CB42AD9BE5C0005FCB4 /* APIClient.swift */,
			);
			path = API;
			sourceTree = "<group>";
		};
		B49F240C2AE44D5800DFC337 /* Local */ = {
			isa = PBXGroup;
			children = (
				B49F240E2AE44D8900DFC337 /* CoreData */,
				B49F240D2AE44D6900DFC337 /* Models */,
				B49F24112AE44E5500DFC337 /* SecureDataProvider.swift */,
			);
			path = Local;
			sourceTree = "<group>";
		};
		B49F240D2AE44D6900DFC337 /* Models */ = {
			isa = PBXGroup;
			children = (
				B46C4CB62AD9C4E80005FCB4 /* Hero.swift */,
				B498FE8C2AE96B5200CB7A80 /* Location.swift */,
			);
			path = Models;
			sourceTree = "<group>";
		};
		B49F240E2AE44D8900DFC337 /* CoreData */ = {
			isa = PBXGroup;
			children = (
				B494857A2AE5C56B003597FB /* Mapper */,
				B46C4C722AD9A2380005FCB4 /* DragonBallApp.xcdatamodeld */,
				B49F240F2AE44D9C00DFC337 /* CoreDataStack.swift */,
				B49485752AE5A141003597FB /* DataPersistanceManager.swift */,
			);
			path = CoreData;
			sourceTree = "<group>";
		};
		B4EE1C792AE5120100A9295B /* Login */ = {
			isa = PBXGroup;
			children = (
				B4EE1C7C2AE5121900A9295B /* View */,
				B4EE1C7B2AE5121100A9295B /* ViewController */,
				B4EE1C7A2AE5120800A9295B /* ViewModel */,
			);
			path = Login;
			sourceTree = "<group>";
		};
		B4EE1C7A2AE5120800A9295B /* ViewModel */ = {
			isa = PBXGroup;
			children = (
				B4EE1C812AE512E700A9295B /* LoginViewModel.swift */,
			);
			path = ViewModel;
			sourceTree = "<group>";
		};
		B4EE1C7B2AE5121100A9295B /* ViewController */ = {
			isa = PBXGroup;
			children = (
				B4EE1C7F2AE5126C00A9295B /* LoginViewController.swift */,
			);
			path = ViewController;
			sourceTree = "<group>";
		};
		B4EE1C7C2AE5121900A9295B /* View */ = {
			isa = PBXGroup;
			children = (
				B4EE1C7D2AE5122300A9295B /* LoginView.swift */,
			);
			path = View;
			sourceTree = "<group>";
		};
/* End PBXGroup section */

/* Begin PBXNativeTarget section */
		B46C4C652AD9A2380005FCB4 /* DragonBallApp */ = {
			isa = PBXNativeTarget;
			buildConfigurationList = B46C4C932AD9A2390005FCB4 /* Build configuration list for PBXNativeTarget "DragonBallApp" */;
			buildPhases = (
				B46C4C622AD9A2380005FCB4 /* Sources */,
				B46C4C632AD9A2380005FCB4 /* Frameworks */,
				B46C4C642AD9A2380005FCB4 /* Resources */,
			);
			buildRules = (
			);
			dependencies = (
			);
			name = DragonBallApp;
			packageProductDependencies = (
				B46C4CB02AD9B20C0005FCB4 /* Lottie */,
				B49F24142AE44E7900DFC337 /* KeychainSwift */,
				B49485782AE5B82A003597FB /* Kingfisher */,
			);
			productName = DragonBallApp;
			productReference = B46C4C662AD9A2380005FCB4 /* DragonBallApp.app */;
			productType = "com.apple.product-type.application";
		};
		B46C4C7E2AD9A2390005FCB4 /* DragonBallAppTests */ = {
			isa = PBXNativeTarget;
			buildConfigurationList = B46C4C962AD9A2390005FCB4 /* Build configuration list for PBXNativeTarget "DragonBallAppTests" */;
			buildPhases = (
				B46C4C7B2AD9A2390005FCB4 /* Sources */,
				B46C4C7C2AD9A2390005FCB4 /* Frameworks */,
				B46C4C7D2AD9A2390005FCB4 /* Resources */,
			);
			buildRules = (
			);
			dependencies = (
				B46C4C812AD9A2390005FCB4 /* PBXTargetDependency */,
			);
			name = DragonBallAppTests;
			productName = DragonBallAppTests;
			productReference = B46C4C7F2AD9A2390005FCB4 /* DragonBallAppTests.xctest */;
			productType = "com.apple.product-type.bundle.unit-test";
		};
		B46C4C882AD9A2390005FCB4 /* DragonBallAppUITests */ = {
			isa = PBXNativeTarget;
			buildConfigurationList = B46C4C992AD9A2390005FCB4 /* Build configuration list for PBXNativeTarget "DragonBallAppUITests" */;
			buildPhases = (
				B46C4C852AD9A2390005FCB4 /* Sources */,
				B46C4C862AD9A2390005FCB4 /* Frameworks */,
				B46C4C872AD9A2390005FCB4 /* Resources */,
			);
			buildRules = (
			);
			dependencies = (
				B46C4C8B2AD9A2390005FCB4 /* PBXTargetDependency */,
			);
			name = DragonBallAppUITests;
			productName = DragonBallAppUITests;
			productReference = B46C4C892AD9A2390005FCB4 /* DragonBallAppUITests.xctest */;
			productType = "com.apple.product-type.bundle.ui-testing";
		};
/* End PBXNativeTarget section */

/* Begin PBXProject section */
		B46C4C5E2AD9A2380005FCB4 /* Project object */ = {
			isa = PBXProject;
			attributes = {
				BuildIndependentTargetsInParallel = 1;
				LastSwiftUpdateCheck = 1430;
				LastUpgradeCheck = 1430;
				TargetAttributes = {
					B46C4C652AD9A2380005FCB4 = {
						CreatedOnToolsVersion = 14.3.1;
					};
					B46C4C7E2AD9A2390005FCB4 = {
						CreatedOnToolsVersion = 14.3.1;
						TestTargetID = B46C4C652AD9A2380005FCB4;
					};
					B46C4C882AD9A2390005FCB4 = {
						CreatedOnToolsVersion = 14.3.1;
						TestTargetID = B46C4C652AD9A2380005FCB4;
					};
				};
			};
			buildConfigurationList = B46C4C612AD9A2380005FCB4 /* Build configuration list for PBXProject "DragonBallApp" */;
			compatibilityVersion = "Xcode 14.0";
			developmentRegion = en;
			hasScannedForEncodings = 0;
			knownRegions = (
				en,
				Base,
			);
			mainGroup = B46C4C5D2AD9A2380005FCB4;
			packageReferences = (
				B46C4CAF2AD9B20C0005FCB4 /* XCRemoteSwiftPackageReference "lottie-spm" */,
				B49F24132AE44E7900DFC337 /* XCRemoteSwiftPackageReference "keychain-swift" */,
				B49485772AE5B82A003597FB /* XCRemoteSwiftPackageReference "Kingfisher" */,
			);
			productRefGroup = B46C4C672AD9A2380005FCB4 /* Products */;
			projectDirPath = "";
			projectRoot = "";
			targets = (
				B46C4C652AD9A2380005FCB4 /* DragonBallApp */,
				B46C4C7E2AD9A2390005FCB4 /* DragonBallAppTests */,
				B46C4C882AD9A2390005FCB4 /* DragonBallAppUITests */,
			);
		};
/* End PBXProject section */

/* Begin PBXResourcesBuildPhase section */
		B46C4C642AD9A2380005FCB4 /* Resources */ = {
			isa = PBXResourcesBuildPhase;
			buildActionMask = 2147483647;
			files = (
				B46C4C792AD9A2390005FCB4 /* LaunchScreen.storyboard in Resources */,
				B46C4CB32AD9BD8C0005FCB4 /* dragonBallSplashAnimation.json in Resources */,
				B46C4C762AD9A2390005FCB4 /* Assets.xcassets in Resources */,
			);
			runOnlyForDeploymentPostprocessing = 0;
		};
		B46C4C7D2AD9A2390005FCB4 /* Resources */ = {
			isa = PBXResourcesBuildPhase;
			buildActionMask = 2147483647;
			files = (
			);
			runOnlyForDeploymentPostprocessing = 0;
		};
		B46C4C872AD9A2390005FCB4 /* Resources */ = {
			isa = PBXResourcesBuildPhase;
			buildActionMask = 2147483647;
			files = (
			);
			runOnlyForDeploymentPostprocessing = 0;
		};
/* End PBXResourcesBuildPhase section */

/* Begin PBXSourcesBuildPhase section */
		B46C4C622AD9A2380005FCB4 /* Sources */ = {
			isa = PBXSourcesBuildPhase;
			buildActionMask = 2147483647;
			files = (
				B46C4C742AD9A2380005FCB4 /* DragonBallApp.xcdatamodeld in Sources */,
				B434D8862ADC987700C98852 /* DetailView.swift in Sources */,
				B4EE1C822AE512E700A9295B /* LoginViewModel.swift in Sources */,
				B434D8882ADC989700C98852 /* DetailViewController.swift in Sources */,
				B43589B32ADA92F00077520D /* GalleryViewModel.swift in Sources */,
				B46C4CA62AD9A8960005FCB4 /* MainTabBarViewController.swift in Sources */,
				B46C4CB72AD9C4E80005FCB4 /* Hero.swift in Sources */,
				B46C4C6A2AD9A2380005FCB4 /* AppDelegate.swift in Sources */,
				B46C4CB52AD9BE5C0005FCB4 /* APIClient.swift in Sources */,
				B4D5159D2AE7ED81003AAC3B /* SearchAlgorithm.swift in Sources */,
				B43589D32ADA9FCE0077520D /* GalleryHeaderView.swift in Sources */,
				B434D88A2ADC98F100C98852 /* DetailViewModel.swift in Sources */,
				B43589C72ADA943D0077520D /* ExploreViewModel.swift in Sources */,
				B43589C32ADA93E60077520D /* ExploreView.swift in Sources */,
				B498FE8D2AE96B5200CB7A80 /* Location.swift in Sources */,
				B4EE1C802AE5126C00A9295B /* LoginViewController.swift in Sources */,
				B43589C52ADA94020077520D /* ExploreViewController.swift in Sources */,
				B43589BD2ADA938E0077520D /* SearchViewModel.swift in Sources */,
				B49F240A2AE4159900DFC337 /* TestViewController.swift in Sources */,
				B46C4CAC2AD9AB7B0005FCB4 /* SplashViewModel.swift in Sources */,
				B46C4C6C2AD9A2380005FCB4 /* SceneDelegate.swift in Sources */,
				B49F24122AE44E5500DFC337 /* SecureDataProvider.swift in Sources */,
				B4C8B0C92ADBFA08004B047C /* SearchHeroViewController.swift in Sources */,
				B43589BB2ADA93540077520D /* SearchViewController.swift in Sources */,
				B43589B92ADA93350077520D /* SearchTableViewCell.swift in Sources */,
				B43589AF2ADA927F0077520D /* GalleryViewController.swift in Sources */,
				B4D5159B2AE7E729003AAC3B /* SearchHeroViewModel.swift in Sources */,
				B4EE1C7E2AE5122300A9295B /* LoginView.swift in Sources */,
				B43589D12ADA94F50077520D /* SettingsViewModel.swift in Sources */,
				B494857C2AE5C58A003597FB /* HeroMapper.swift in Sources */,
				B43589B12ADA92D00077520D /* GalleryCollectionViewCell.swift in Sources */,
				B46C4CA82AD9AAB20005FCB4 /* SplashViewController.swift in Sources */,
				B46C4CAA2AD9AB070005FCB4 /* SplashView.swift in Sources */,
				B49485762AE5A141003597FB /* DataPersistanceManager.swift in Sources */,
				B49F24082AE4152000DFC337 /* TestCollectionViewCell.swift in Sources */,
				B43589CF2ADA94C00077520D /* SettingsViewController.swift in Sources */,
				B43589CA2ADA947B0077520D /* SettingsView.swift in Sources */,
				B49F24102AE44D9C00DFC337 /* CoreDataStack.swift in Sources */,
			);
			runOnlyForDeploymentPostprocessing = 0;
		};
		B46C4C7B2AD9A2390005FCB4 /* Sources */ = {
			isa = PBXSourcesBuildPhase;
			buildActionMask = 2147483647;
			files = (
				B46C4C842AD9A2390005FCB4 /* DragonBallAppTests.swift in Sources */,
			);
			runOnlyForDeploymentPostprocessing = 0;
		};
		B46C4C852AD9A2390005FCB4 /* Sources */ = {
			isa = PBXSourcesBuildPhase;
			buildActionMask = 2147483647;
			files = (
				B46C4C902AD9A2390005FCB4 /* DragonBallAppUITestsLaunchTests.swift in Sources */,
				B46C4C8E2AD9A2390005FCB4 /* DragonBallAppUITests.swift in Sources */,
			);
			runOnlyForDeploymentPostprocessing = 0;
		};
/* End PBXSourcesBuildPhase section */

/* Begin PBXTargetDependency section */
		B46C4C812AD9A2390005FCB4 /* PBXTargetDependency */ = {
			isa = PBXTargetDependency;
			target = B46C4C652AD9A2380005FCB4 /* DragonBallApp */;
			targetProxy = B46C4C802AD9A2390005FCB4 /* PBXContainerItemProxy */;
		};
		B46C4C8B2AD9A2390005FCB4 /* PBXTargetDependency */ = {
			isa = PBXTargetDependency;
			target = B46C4C652AD9A2380005FCB4 /* DragonBallApp */;
			targetProxy = B46C4C8A2AD9A2390005FCB4 /* PBXContainerItemProxy */;
		};
/* End PBXTargetDependency section */

/* Begin PBXVariantGroup section */
		B46C4C772AD9A2390005FCB4 /* LaunchScreen.storyboard */ = {
			isa = PBXVariantGroup;
			children = (
				B46C4C782AD9A2390005FCB4 /* Base */,
			);
			name = LaunchScreen.storyboard;
			sourceTree = "<group>";
		};
/* End PBXVariantGroup section */

/* Begin XCBuildConfiguration section */
		B46C4C912AD9A2390005FCB4 /* Debug */ = {
			isa = XCBuildConfiguration;
			buildSettings = {
				ALWAYS_SEARCH_USER_PATHS = NO;
				CLANG_ANALYZER_NONNULL = YES;
				CLANG_ANALYZER_NUMBER_OBJECT_CONVERSION = YES_AGGRESSIVE;
				CLANG_CXX_LANGUAGE_STANDARD = "gnu++20";
				CLANG_ENABLE_MODULES = YES;
				CLANG_ENABLE_OBJC_ARC = YES;
				CLANG_ENABLE_OBJC_WEAK = YES;
				CLANG_WARN_BLOCK_CAPTURE_AUTORELEASING = YES;
				CLANG_WARN_BOOL_CONVERSION = YES;
				CLANG_WARN_COMMA = YES;
				CLANG_WARN_CONSTANT_CONVERSION = YES;
				CLANG_WARN_DEPRECATED_OBJC_IMPLEMENTATIONS = YES;
				CLANG_WARN_DIRECT_OBJC_ISA_USAGE = YES_ERROR;
				CLANG_WARN_DOCUMENTATION_COMMENTS = YES;
				CLANG_WARN_EMPTY_BODY = YES;
				CLANG_WARN_ENUM_CONVERSION = YES;
				CLANG_WARN_INFINITE_RECURSION = YES;
				CLANG_WARN_INT_CONVERSION = YES;
				CLANG_WARN_NON_LITERAL_NULL_CONVERSION = YES;
				CLANG_WARN_OBJC_IMPLICIT_RETAIN_SELF = YES;
				CLANG_WARN_OBJC_LITERAL_CONVERSION = YES;
				CLANG_WARN_OBJC_ROOT_CLASS = YES_ERROR;
				CLANG_WARN_QUOTED_INCLUDE_IN_FRAMEWORK_HEADER = YES;
				CLANG_WARN_RANGE_LOOP_ANALYSIS = YES;
				CLANG_WARN_STRICT_PROTOTYPES = YES;
				CLANG_WARN_SUSPICIOUS_MOVE = YES;
				CLANG_WARN_UNGUARDED_AVAILABILITY = YES_AGGRESSIVE;
				CLANG_WARN_UNREACHABLE_CODE = YES;
				CLANG_WARN__DUPLICATE_METHOD_MATCH = YES;
				COPY_PHASE_STRIP = NO;
				DEBUG_INFORMATION_FORMAT = dwarf;
				ENABLE_STRICT_OBJC_MSGSEND = YES;
				ENABLE_TESTABILITY = YES;
				GCC_C_LANGUAGE_STANDARD = gnu11;
				GCC_DYNAMIC_NO_PIC = NO;
				GCC_NO_COMMON_BLOCKS = YES;
				GCC_OPTIMIZATION_LEVEL = 0;
				GCC_PREPROCESSOR_DEFINITIONS = (
					"DEBUG=1",
					"$(inherited)",
				);
				GCC_WARN_64_TO_32_BIT_CONVERSION = YES;
				GCC_WARN_ABOUT_RETURN_TYPE = YES_ERROR;
				GCC_WARN_UNDECLARED_SELECTOR = YES;
				GCC_WARN_UNINITIALIZED_AUTOS = YES_AGGRESSIVE;
				GCC_WARN_UNUSED_FUNCTION = YES;
				GCC_WARN_UNUSED_VARIABLE = YES;
				IPHONEOS_DEPLOYMENT_TARGET = 16.4;
				MTL_ENABLE_DEBUG_INFO = INCLUDE_SOURCE;
				MTL_FAST_MATH = YES;
				ONLY_ACTIVE_ARCH = YES;
				SDKROOT = iphoneos;
				SWIFT_ACTIVE_COMPILATION_CONDITIONS = DEBUG;
				SWIFT_OPTIMIZATION_LEVEL = "-Onone";
			};
			name = Debug;
		};
		B46C4C922AD9A2390005FCB4 /* Release */ = {
			isa = XCBuildConfiguration;
			buildSettings = {
				ALWAYS_SEARCH_USER_PATHS = NO;
				CLANG_ANALYZER_NONNULL = YES;
				CLANG_ANALYZER_NUMBER_OBJECT_CONVERSION = YES_AGGRESSIVE;
				CLANG_CXX_LANGUAGE_STANDARD = "gnu++20";
				CLANG_ENABLE_MODULES = YES;
				CLANG_ENABLE_OBJC_ARC = YES;
				CLANG_ENABLE_OBJC_WEAK = YES;
				CLANG_WARN_BLOCK_CAPTURE_AUTORELEASING = YES;
				CLANG_WARN_BOOL_CONVERSION = YES;
				CLANG_WARN_COMMA = YES;
				CLANG_WARN_CONSTANT_CONVERSION = YES;
				CLANG_WARN_DEPRECATED_OBJC_IMPLEMENTATIONS = YES;
				CLANG_WARN_DIRECT_OBJC_ISA_USAGE = YES_ERROR;
				CLANG_WARN_DOCUMENTATION_COMMENTS = YES;
				CLANG_WARN_EMPTY_BODY = YES;
				CLANG_WARN_ENUM_CONVERSION = YES;
				CLANG_WARN_INFINITE_RECURSION = YES;
				CLANG_WARN_INT_CONVERSION = YES;
				CLANG_WARN_NON_LITERAL_NULL_CONVERSION = YES;
				CLANG_WARN_OBJC_IMPLICIT_RETAIN_SELF = YES;
				CLANG_WARN_OBJC_LITERAL_CONVERSION = YES;
				CLANG_WARN_OBJC_ROOT_CLASS = YES_ERROR;
				CLANG_WARN_QUOTED_INCLUDE_IN_FRAMEWORK_HEADER = YES;
				CLANG_WARN_RANGE_LOOP_ANALYSIS = YES;
				CLANG_WARN_STRICT_PROTOTYPES = YES;
				CLANG_WARN_SUSPICIOUS_MOVE = YES;
				CLANG_WARN_UNGUARDED_AVAILABILITY = YES_AGGRESSIVE;
				CLANG_WARN_UNREACHABLE_CODE = YES;
				CLANG_WARN__DUPLICATE_METHOD_MATCH = YES;
				COPY_PHASE_STRIP = NO;
				DEBUG_INFORMATION_FORMAT = "dwarf-with-dsym";
				ENABLE_NS_ASSERTIONS = NO;
				ENABLE_STRICT_OBJC_MSGSEND = YES;
				GCC_C_LANGUAGE_STANDARD = gnu11;
				GCC_NO_COMMON_BLOCKS = YES;
				GCC_WARN_64_TO_32_BIT_CONVERSION = YES;
				GCC_WARN_ABOUT_RETURN_TYPE = YES_ERROR;
				GCC_WARN_UNDECLARED_SELECTOR = YES;
				GCC_WARN_UNINITIALIZED_AUTOS = YES_AGGRESSIVE;
				GCC_WARN_UNUSED_FUNCTION = YES;
				GCC_WARN_UNUSED_VARIABLE = YES;
				IPHONEOS_DEPLOYMENT_TARGET = 16.4;
				MTL_ENABLE_DEBUG_INFO = NO;
				MTL_FAST_MATH = YES;
				SDKROOT = iphoneos;
				SWIFT_COMPILATION_MODE = wholemodule;
				SWIFT_OPTIMIZATION_LEVEL = "-O";
				VALIDATE_PRODUCT = YES;
			};
			name = Release;
		};
		B46C4C942AD9A2390005FCB4 /* Debug */ = {
			isa = XCBuildConfiguration;
			buildSettings = {
				ASSETCATALOG_COMPILER_APPICON_NAME = AppIcon;
				ASSETCATALOG_COMPILER_GLOBAL_ACCENT_COLOR_NAME = AccentColor;
				CODE_SIGN_STYLE = Automatic;
				CURRENT_PROJECT_VERSION = 1;
				DEVELOPMENT_TEAM = 9THYRJN444;
				GENERATE_INFOPLIST_FILE = YES;
				INFOPLIST_FILE = DragonBallApp/Info.plist;
				INFOPLIST_KEY_UIApplicationSupportsIndirectInputEvents = YES;
				INFOPLIST_KEY_UILaunchStoryboardName = LaunchScreen;
				INFOPLIST_KEY_UISupportedInterfaceOrientations_iPad = "UIInterfaceOrientationPortrait UIInterfaceOrientationPortraitUpsideDown UIInterfaceOrientationLandscapeLeft UIInterfaceOrientationLandscapeRight";
				INFOPLIST_KEY_UISupportedInterfaceOrientations_iPhone = "UIInterfaceOrientationPortrait UIInterfaceOrientationLandscapeLeft UIInterfaceOrientationLandscapeRight";
				LD_RUNPATH_SEARCH_PATHS = (
					"$(inherited)",
					"@executable_path/Frameworks",
				);
				MARKETING_VERSION = 1.0;
				PRODUCT_BUNDLE_IDENTIFIER = com.salvamoreno.DragonBallApp;
				PRODUCT_NAME = "$(TARGET_NAME)";
				SWIFT_EMIT_LOC_STRINGS = YES;
				SWIFT_VERSION = 5.0;
				TARGETED_DEVICE_FAMILY = "1,2";
			};
			name = Debug;
		};
		B46C4C952AD9A2390005FCB4 /* Release */ = {
			isa = XCBuildConfiguration;
			buildSettings = {
				ASSETCATALOG_COMPILER_APPICON_NAME = AppIcon;
				ASSETCATALOG_COMPILER_GLOBAL_ACCENT_COLOR_NAME = AccentColor;
				CODE_SIGN_STYLE = Automatic;
				CURRENT_PROJECT_VERSION = 1;
				DEVELOPMENT_TEAM = 9THYRJN444;
				GENERATE_INFOPLIST_FILE = YES;
				INFOPLIST_FILE = DragonBallApp/Info.plist;
				INFOPLIST_KEY_UIApplicationSupportsIndirectInputEvents = YES;
				INFOPLIST_KEY_UILaunchStoryboardName = LaunchScreen;
				INFOPLIST_KEY_UISupportedInterfaceOrientations_iPad = "UIInterfaceOrientationPortrait UIInterfaceOrientationPortraitUpsideDown UIInterfaceOrientationLandscapeLeft UIInterfaceOrientationLandscapeRight";
				INFOPLIST_KEY_UISupportedInterfaceOrientations_iPhone = "UIInterfaceOrientationPortrait UIInterfaceOrientationLandscapeLeft UIInterfaceOrientationLandscapeRight";
				LD_RUNPATH_SEARCH_PATHS = (
					"$(inherited)",
					"@executable_path/Frameworks",
				);
				MARKETING_VERSION = 1.0;
				PRODUCT_BUNDLE_IDENTIFIER = com.salvamoreno.DragonBallApp;
				PRODUCT_NAME = "$(TARGET_NAME)";
				SWIFT_EMIT_LOC_STRINGS = YES;
				SWIFT_VERSION = 5.0;
				TARGETED_DEVICE_FAMILY = "1,2";
			};
			name = Release;
		};
		B46C4C972AD9A2390005FCB4 /* Debug */ = {
			isa = XCBuildConfiguration;
			buildSettings = {
				ALWAYS_EMBED_SWIFT_STANDARD_LIBRARIES = YES;
				BUNDLE_LOADER = "$(TEST_HOST)";
				CODE_SIGN_STYLE = Automatic;
				CURRENT_PROJECT_VERSION = 1;
				DEVELOPMENT_TEAM = 9THYRJN444;
				GENERATE_INFOPLIST_FILE = YES;
				IPHONEOS_DEPLOYMENT_TARGET = 16.4;
				MARKETING_VERSION = 1.0;
				PRODUCT_BUNDLE_IDENTIFIER = com.salvamoreno.DragonBallAppTests;
				PRODUCT_NAME = "$(TARGET_NAME)";
				SWIFT_EMIT_LOC_STRINGS = NO;
				SWIFT_VERSION = 5.0;
				TARGETED_DEVICE_FAMILY = "1,2";
				TEST_HOST = "$(BUILT_PRODUCTS_DIR)/DragonBallApp.app/$(BUNDLE_EXECUTABLE_FOLDER_PATH)/DragonBallApp";
			};
			name = Debug;
		};
		B46C4C982AD9A2390005FCB4 /* Release */ = {
			isa = XCBuildConfiguration;
			buildSettings = {
				ALWAYS_EMBED_SWIFT_STANDARD_LIBRARIES = YES;
				BUNDLE_LOADER = "$(TEST_HOST)";
				CODE_SIGN_STYLE = Automatic;
				CURRENT_PROJECT_VERSION = 1;
				DEVELOPMENT_TEAM = 9THYRJN444;
				GENERATE_INFOPLIST_FILE = YES;
				IPHONEOS_DEPLOYMENT_TARGET = 16.4;
				MARKETING_VERSION = 1.0;
				PRODUCT_BUNDLE_IDENTIFIER = com.salvamoreno.DragonBallAppTests;
				PRODUCT_NAME = "$(TARGET_NAME)";
				SWIFT_EMIT_LOC_STRINGS = NO;
				SWIFT_VERSION = 5.0;
				TARGETED_DEVICE_FAMILY = "1,2";
				TEST_HOST = "$(BUILT_PRODUCTS_DIR)/DragonBallApp.app/$(BUNDLE_EXECUTABLE_FOLDER_PATH)/DragonBallApp";
			};
			name = Release;
		};
		B46C4C9A2AD9A2390005FCB4 /* Debug */ = {
			isa = XCBuildConfiguration;
			buildSettings = {
				ALWAYS_EMBED_SWIFT_STANDARD_LIBRARIES = YES;
				CODE_SIGN_STYLE = Automatic;
				CURRENT_PROJECT_VERSION = 1;
				DEVELOPMENT_TEAM = 9THYRJN444;
				GENERATE_INFOPLIST_FILE = YES;
				MARKETING_VERSION = 1.0;
				PRODUCT_BUNDLE_IDENTIFIER = com.salvamoreno.DragonBallAppUITests;
				PRODUCT_NAME = "$(TARGET_NAME)";
				SWIFT_EMIT_LOC_STRINGS = NO;
				SWIFT_VERSION = 5.0;
				TARGETED_DEVICE_FAMILY = "1,2";
				TEST_TARGET_NAME = DragonBallApp;
			};
			name = Debug;
		};
		B46C4C9B2AD9A2390005FCB4 /* Release */ = {
			isa = XCBuildConfiguration;
			buildSettings = {
				ALWAYS_EMBED_SWIFT_STANDARD_LIBRARIES = YES;
				CODE_SIGN_STYLE = Automatic;
				CURRENT_PROJECT_VERSION = 1;
				DEVELOPMENT_TEAM = 9THYRJN444;
				GENERATE_INFOPLIST_FILE = YES;
				MARKETING_VERSION = 1.0;
				PRODUCT_BUNDLE_IDENTIFIER = com.salvamoreno.DragonBallAppUITests;
				PRODUCT_NAME = "$(TARGET_NAME)";
				SWIFT_EMIT_LOC_STRINGS = NO;
				SWIFT_VERSION = 5.0;
				TARGETED_DEVICE_FAMILY = "1,2";
				TEST_TARGET_NAME = DragonBallApp;
			};
			name = Release;
		};
/* End XCBuildConfiguration section */

/* Begin XCConfigurationList section */
		B46C4C612AD9A2380005FCB4 /* Build configuration list for PBXProject "DragonBallApp" */ = {
			isa = XCConfigurationList;
			buildConfigurations = (
				B46C4C912AD9A2390005FCB4 /* Debug */,
				B46C4C922AD9A2390005FCB4 /* Release */,
			);
			defaultConfigurationIsVisible = 0;
			defaultConfigurationName = Release;
		};
		B46C4C932AD9A2390005FCB4 /* Build configuration list for PBXNativeTarget "DragonBallApp" */ = {
			isa = XCConfigurationList;
			buildConfigurations = (
				B46C4C942AD9A2390005FCB4 /* Debug */,
				B46C4C952AD9A2390005FCB4 /* Release */,
			);
			defaultConfigurationIsVisible = 0;
			defaultConfigurationName = Release;
		};
		B46C4C962AD9A2390005FCB4 /* Build configuration list for PBXNativeTarget "DragonBallAppTests" */ = {
			isa = XCConfigurationList;
			buildConfigurations = (
				B46C4C972AD9A2390005FCB4 /* Debug */,
				B46C4C982AD9A2390005FCB4 /* Release */,
			);
			defaultConfigurationIsVisible = 0;
			defaultConfigurationName = Release;
		};
		B46C4C992AD9A2390005FCB4 /* Build configuration list for PBXNativeTarget "DragonBallAppUITests" */ = {
			isa = XCConfigurationList;
			buildConfigurations = (
				B46C4C9A2AD9A2390005FCB4 /* Debug */,
				B46C4C9B2AD9A2390005FCB4 /* Release */,
			);
			defaultConfigurationIsVisible = 0;
			defaultConfigurationName = Release;
		};
/* End XCConfigurationList section */

/* Begin XCRemoteSwiftPackageReference section */
		B46C4CAF2AD9B20C0005FCB4 /* XCRemoteSwiftPackageReference "lottie-spm" */ = {
			isa = XCRemoteSwiftPackageReference;
			repositoryURL = "https://github.com/airbnb/lottie-spm.git";
			requirement = {
				kind = upToNextMajorVersion;
				minimumVersion = 4.0.0;
			};
		};
		B49485772AE5B82A003597FB /* XCRemoteSwiftPackageReference "Kingfisher" */ = {
			isa = XCRemoteSwiftPackageReference;
			repositoryURL = "https://github.com/onevcat/Kingfisher.git";
			requirement = {
				kind = upToNextMajorVersion;
				minimumVersion = 7.0.0;
			};
		};
		B49F24132AE44E7900DFC337 /* XCRemoteSwiftPackageReference "keychain-swift" */ = {
			isa = XCRemoteSwiftPackageReference;
			repositoryURL = "https://github.com/evgenyneu/keychain-swift.git";
			requirement = {
				kind = upToNextMajorVersion;
				minimumVersion = 20.0.0;
			};
		};
/* End XCRemoteSwiftPackageReference section */

/* Begin XCSwiftPackageProductDependency section */
		B46C4CB02AD9B20C0005FCB4 /* Lottie */ = {
			isa = XCSwiftPackageProductDependency;
			package = B46C4CAF2AD9B20C0005FCB4 /* XCRemoteSwiftPackageReference "lottie-spm" */;
			productName = Lottie;
		};
		B49485782AE5B82A003597FB /* Kingfisher */ = {
			isa = XCSwiftPackageProductDependency;
			package = B49485772AE5B82A003597FB /* XCRemoteSwiftPackageReference "Kingfisher" */;
			productName = Kingfisher;
		};
		B49F24142AE44E7900DFC337 /* KeychainSwift */ = {
			isa = XCSwiftPackageProductDependency;
			package = B49F24132AE44E7900DFC337 /* XCRemoteSwiftPackageReference "keychain-swift" */;
			productName = KeychainSwift;
		};
/* End XCSwiftPackageProductDependency section */

/* Begin XCVersionGroup section */
		B46C4C722AD9A2380005FCB4 /* DragonBallApp.xcdatamodeld */ = {
			isa = XCVersionGroup;
			children = (
				B46C4C732AD9A2380005FCB4 /* DragonBallApp.xcdatamodel */,
			);
			currentVersion = B46C4C732AD9A2380005FCB4 /* DragonBallApp.xcdatamodel */;
			path = DragonBallApp.xcdatamodeld;
			sourceTree = "<group>";
			versionGroupType = wrapper.xcdatamodel;
		};
/* End XCVersionGroup section */
	};
	rootObject = B46C4C5E2AD9A2380005FCB4 /* Project object */;
}
